
Microsoft Visual Studio Solution File, Format Version 12.00
# Visual Studio Version 16
VisualStudioVersion = 16.0.30907.101
MinimumVisualStudioVersion = 10.0.40219.1
Project("{FAE04EC0-301F-11D3-BF4B-00C04F79EFBC}") = "Movie", "Movie.csproj", "{E366DA6B-B301-413D-9A2F-91D24BBC740E}"
EndProject
Global
	GlobalSection(SolutionConfigurationPlatforms) = preSolution
		Debug|Any CPU = Debug|Any CPU
		Release|Any CPU = Release|Any CPU
	EndGlobalSection
	GlobalSection(ProjectConfigurationPlatforms) = postSolution
		{E366DA6B-B301-413D-9A2F-91D24BBC740E}.Debug|Any CPU.ActiveCfg = Debug|Any CPU
		{E366DA6B-B301-413D-9A2F-91D24BBC740E}.Debug|Any CPU.Build.0 = Debug|Any CPU
		{E366DA6B-B301-413D-9A2F-91D24BBC740E}.Release|Any CPU.ActiveCfg = Release|Any CPU
		{E366DA6B-B301-413D-9A2F-91D24BBC740E}.Release|Any CPU.Build.0 = Release|Any CPU
	EndGlobalSection
	GlobalSection(SolutionProperties) = preSolution
		HideSolutionNode = FALSE
	EndGlobalSection
	GlobalSection(ExtensibilityGlobals) = postSolution
		SolutionGuid = {880400E8-8EA2-437C-B498-B32ADAA238AB}
	EndGlobalSection
EndGlobal
